{
  "version": 4,
  "terraform_version": "1.5.3",
  "serial": 281,
  "lineage": "4341f9b8-85a5-075d-edaf-b8a2c7994060",
  "outputs": {},
  "resources": [
    {
      "mode": "data",
      "type": "google_client_config",
      "name": "default",
      "provider": "provider[\"registry.terraform.io/hashicorp/google\"]",
      "instances": [
        {
          "schema_version": 0,
          "attributes": {
            "access_token": "ya29.a0AfB_byBvbSAg3gWsOWaLaxsDwiKWbj4o21bfh0hTDDwnDNfPOy9hJHnf3O2-SzthqFkMkKCMUfON4Bleufivv1G3aUv3K8nTcoKo9iOrEOr8Or7SzRfkrzZw3FSpo7bOV-3Io8r4uXm5Wvobh72yS9wB87JmTzufaCgYKARMSARESFQHsvYlsMzCjlC_T_1_sxxyuLQD-Xw0167",
            "id": "projects/wideops-avishay/regions/me-west1/zones/",
            "project": "wideops-avishay",
            "region": "me-west1",
            "zone": ""
          },
          "sensitive_attributes": []
        }
      ]
    },
    {
      "mode": "managed",
      "type": "google_compute_firewall",
      "name": "wordpress-firewall",
      "provider": "provider[\"registry.terraform.io/hashicorp/google\"]",
      "instances": [
        {
          "schema_version": 1,
          "attributes": {
            "allow": [
              {
                "ports": [
                  "80",
                  "443",
                  "1000-3300",
                  "22"
                ],
                "protocol": "tcp"
              },
              {
                "ports": [],
                "protocol": "icmp"
              }
            ],
            "creation_timestamp": "2023-08-05T02:21:35.491-07:00",
            "deny": [],
            "description": "",
            "destination_ranges": [],
            "direction": "INGRESS",
            "disabled": false,
            "enable_logging": null,
            "id": "projects/wideops-avishay/global/firewalls/wordpress-firewall",
            "log_config": [],
            "name": "wordpress-firewall",
            "network": "https://www.googleapis.com/compute/v1/projects/wideops-avishay/global/networks/default",
            "priority": 1000,
            "project": "wideops-avishay",
            "self_link": "https://www.googleapis.com/compute/v1/projects/wideops-avishay/global/firewalls/wordpress-firewall",
            "source_ranges": [
              "0.0.0.0/0"
            ],
            "source_service_accounts": [],
            "source_tags": [
              "web"
            ],
            "target_service_accounts": [],
            "target_tags": [],
            "timeouts": null
          },
          "sensitive_attributes": [],
          "private": "eyJlMmJmYjczMC1lY2FhLTExZTYtOGY4OC0zNDM2M2JjN2M0YzAiOnsiY3JlYXRlIjoxMjAwMDAwMDAwMDAwLCJkZWxldGUiOjEyMDAwMDAwMDAwMDAsInVwZGF0ZSI6MTIwMDAwMDAwMDAwMH0sInNjaGVtYV92ZXJzaW9uIjoiMSJ9"
        }
      ]
    },
    {
      "mode": "managed",
      "type": "google_compute_global_address",
      "name": "default",
      "provider": "provider[\"registry.terraform.io/hashicorp/google\"]",
      "instances": [
        {
          "schema_version": 0,
          "attributes": {
            "address": "34.110.190.248",
            "address_type": "EXTERNAL",
            "creation_timestamp": "2023-08-05T02:21:35.463-07:00",
            "description": "",
            "id": "projects/wideops-avishay/global/addresses/global-ip1",
            "ip_version": "",
            "name": "global-ip1",
            "network": "",
            "prefix_length": 0,
            "project": "wideops-avishay",
            "purpose": "",
            "self_link": "https://www.googleapis.com/compute/v1/projects/wideops-avishay/global/addresses/global-ip1",
            "timeouts": null
          },
          "sensitive_attributes": [],
          "private": "eyJlMmJmYjczMC1lY2FhLTExZTYtOGY4OC0zNDM2M2JjN2M0YzAiOnsiY3JlYXRlIjoxMjAwMDAwMDAwMDAwLCJkZWxldGUiOjEyMDAwMDAwMDAwMDB9fQ=="
        }
      ]
    },
    {
      "mode": "managed",
      "type": "google_compute_managed_ssl_certificate",
      "name": "cert",
      "provider": "provider[\"registry.terraform.io/hashicorp/google\"]",
      "instances": [
        {
          "schema_version": 0,
          "attributes": {
            "certificate_id": -1167873424,
            "creation_timestamp": "2023-08-05T02:21:35.416-07:00",
            "description": "SSL certificate for oday.ddns.net",
            "expire_time": "2023-11-03T03:00:19.000-07:00",
            "id": "projects/wideops-avishay/global/sslCertificates/oday-cert3",
            "managed": [
              {
                "domains": [
                  "oday.ddns.net"
                ]
              }
            ],
            "name": "oday-cert3",
            "project": "wideops-avishay",
            "self_link": "https://www.googleapis.com/compute/v1/projects/wideops-avishay/global/sslCertificates/oday-cert3",
            "subject_alternative_names": [
              "oday.ddns.net"
            ],
            "timeouts": null,
            "type": "MANAGED"
          },
          "sensitive_attributes": [],
          "private": "eyJlMmJmYjczMC1lY2FhLTExZTYtOGY4OC0zNDM2M2JjN2M0YzAiOnsiY3JlYXRlIjoxODAwMDAwMDAwMDAwLCJkZWxldGUiOjE4MDAwMDAwMDAwMDB9fQ==",
          "create_before_destroy": true
        }
      ]
    },
    {
      "mode": "managed",
      "type": "google_container_cluster",
      "name": "cluster",
      "provider": "provider[\"registry.terraform.io/hashicorp/google\"]",
      "instances": [
        {
          "schema_version": 1,
          "attributes": {
            "addons_config": [
              {
                "cloudrun_config": [],
                "gcp_filestore_csi_driver_config": [],
                "horizontal_pod_autoscaling": [],
                "http_load_balancing": [],
                "network_policy_config": [
                  {
                    "disabled": true
                  }
                ]
              }
            ],
            "authenticator_groups_config": [],
            "cluster_autoscaling": [
              {
                "auto_provisioning_defaults": [],
                "enabled": false,
                "resource_limits": []
              }
            ],
            "cluster_ipv4_cidr": "10.0.0.0/14",
            "confidential_nodes": [],
            "database_encryption": [
              {
                "key_name": "",
                "state": "DECRYPTED"
              }
            ],
            "datapath_provider": "",
            "default_max_pods_per_node": null,
            "default_snat_status": [
              {
                "disabled": false
              }
            ],
            "description": "",
            "dns_config": [],
            "enable_autopilot": false,
            "enable_binary_authorization": false,
            "enable_intranode_visibility": false,
            "enable_kubernetes_alpha": false,
            "enable_legacy_abac": false,
            "enable_shielded_nodes": true,
            "enable_tpu": false,
            "endpoint": "34.165.10.97",
            "id": "projects/wideops-avishay/locations/me-west1-a/clusters/my-cluster",
            "initial_node_count": 2,
            "ip_allocation_policy": [],
            "label_fingerprint": "a9dc16a7",
            "location": "me-west1-a",
            "logging_config": [
              {
                "enable_components": [
                  "SYSTEM_COMPONENTS",
                  "WORKLOADS"
                ]
              }
            ],
            "logging_service": "logging.googleapis.com/kubernetes",
            "maintenance_policy": [],
            "master_auth": [
              {
                "client_certificate": "",
                "client_certificate_config": [
                  {
                    "issue_client_certificate": false
                  }
                ],
                "client_key": "",
                "cluster_ca_certificate": "LS0tLS1CRUdJTiBDRVJUSUZJQ0FURS0tLS0tCk1JSUVMRENDQXBTZ0F3SUJBZ0lRREJ3c25YYXIvT2FKQUpqREsrVkw5REFOQmdrcWhraUc5dzBCQVFzRkFEQXYKTVMwd0t3WURWUVFERXlRNVptWm1ObUZqTVMwMlpUVTVMVFE1TWpFdE9EWTJaUzAzT1RZeU1UWmtNMlkzT1dRdwpJQmNOTWpNd09EQTFNRGd5TVRReVdoZ1BNakExTXpBM01qZ3dPVEl4TkRKYU1DOHhMVEFyQmdOVkJBTVRKRGxtClptWTJZV014TFRabE5Ua3RORGt5TVMwNE5qWmxMVGM1TmpJeE5tUXpaamM1WkRDQ0FhSXdEUVlKS29aSWh2Y04KQVFFQkJRQURnZ0dQQURDQ0FZb0NnZ0dCQU9TQml3TVU5cmJuSUdDRlh0VTFjbUwxRXo1TENuVmlyaS9vUnZ1UgpxOVRGbXR0T1I5NTcrNFgzbTFuaFZFbmdQNGxQbFhRbGdRYWJEN3FRZTVnOC9IaGlEZjRoVHVRQ2UwK3Z3TmtTCk1JQllGNEFtUWtDWWFYRlBWbkZZN09obFEreGdNTVhHWEsyUFF6VndycHNKZkxOWk4wSVBGYm1wNm1QVnZNQXcKN3BJbXhaSEduM3FuVkVBMGNXdFEzd3plRFpUZDAzbERwSng2a29VZ3pQWlZPbWdWSDZ4SERSTUFqQ2F2SFArNgpCUjhEV0J4cVdkYlJNd1RIRWpqZUMzeFF5RUdjcHNzYmptQzlnQzd1VFlvSWhreXlJOVF4WkNhcDJ2THBiK1ZZCktVcHlxK0xoc0pOTnI3WU5MRW5hUlJ5Q3VQbkNnMVJNejRZalRvN1hDelBqT2NKdER4UCt5YmE1T0gxL3NweHkKSHdrYUgwRkx1ODZJdTdmSDQ2V1g0bFlEUjV4OTlVckJiZXRrMWhiSmxuZ0tQWFppR0lLQWFIS2pmN1lEY2lYKworMkpOM25PaWV0VmFhMVU2SWRBNVVoOU9hK29tdGx5Rko4SHVVMUlCOXQ5ZmdCL3V1R0dackxSaFBlWjJKUTA4CkFqM3EySW5pUW5BcDVqMnZtc0I4TUtKTnd3SURBUUFCbzBJd1FEQU9CZ05WSFE4QkFmOEVCQU1DQWdRd0R3WUQKVlIwVEFRSC9CQVV3QXdFQi96QWRCZ05WSFE0RUZnUVUxRzFFWlprQnNaNUF3dDRoWmtucUtFUENydVl3RFFZSgpLb1pJaHZjTkFRRUxCUUFEZ2dHQkFIU2NTenZNMkJHSWJsUkRQTkx6SENWYVBIc0o5OFhhNVVxWEk5UysxU2c0CkIrK2RjK2M2QXRwUGIxRUNkbVU4K29RL01rckJpdThhZ1R6M3o3M20vcTVHd2tWdEZIeG9wQVhiL2hqTHM1MzEKNVdLTkNBU3c0bVZhR2QzUXJSNkljZzdiQTB4RHpCcHBxekR3QnJCYWJDSWdIV2dEUjhlbHowWkFFWVlqMGl6cwpMWm1ZZGQwZmdBZ3ZHUzFXWG5KWUdsR3Q1VHpSYUhNenBZQ1ZjVUlQc3J2U09CcDZFUVg3M0o2T2pRWlF3RnhQCllUSUFNcWdCbzZtMktMNnZRcytNL1piTElabllPd3dONEpDUGNMNFNMVDlUT25kaXBUQU9oNy90OHpmR0s4TFoKU3RLcktqRkVnMWlRa0RYekJrZC82cXF6NTNBaEhkbmNDeXNtalhaQVJNNHZPV1hkaFVHTmQxUWxVeHZDd3ZwNwpEZ2k1WWlrdS9ENXMwUFpGYUVkUkJNcHlRSnNsQ2Zza0o4dVE2ckQxcjg4TXJ3TUorWkNwZU5nRDM0aGFkNm52CmZyenRPMVFUN0pNUHJSYVZLRmRqUGpFQ2ZobFFWS1o5MGYzY3IrSE9JK2xNMi9VU3EwODVIaFBIaUI4UEYvUkEKdm9JV2dwTkN0Sm5uYUNxZTJ5UnVtQT09Ci0tLS0tRU5EIENFUlRJRklDQVRFLS0tLS0K"
              }
            ],
            "master_authorized_networks_config": [],
            "master_version": "1.27.2-gke.1200",
            "min_master_version": null,
            "monitoring_config": [
              {
                "enable_components": [
                  "SYSTEM_COMPONENTS"
                ]
              }
            ],
            "monitoring_service": "monitoring.googleapis.com/kubernetes",
            "name": "my-cluster",
            "network": "projects/wideops-avishay/global/networks/default",
            "network_policy": [
              {
                "enabled": false,
                "provider": "PROVIDER_UNSPECIFIED"
              }
            ],
            "networking_mode": "ROUTES",
            "node_config": [
              {
                "boot_disk_kms_key": "",
                "disk_size_gb": 100,
                "disk_type": "pd-balanced",
                "gcfs_config": [],
                "guest_accelerator": [],
                "image_type": "COS_CONTAINERD",
                "labels": {},
                "local_ssd_count": 0,
                "machine_type": "e2-micro",
                "metadata": {
                  "disable-legacy-endpoints": "true"
                },
                "min_cpu_platform": "",
                "node_group": "",
                "oauth_scopes": [
                  "https://www.googleapis.com/auth/cloud-platform"
                ],
                "preemptible": true,
                "service_account": "service@wideops-avishay.iam.gserviceaccount.com",
                "shielded_instance_config": [
                  {
                    "enable_integrity_monitoring": true,
                    "enable_secure_boot": false
                  }
                ],
                "tags": [],
                "taint": [],
                "workload_metadata_config": []
              }
            ],
            "node_locations": [],
            "node_pool": [
              {
                "autoscaling": [
                  {
                    "max_node_count": 3,
                    "min_node_count": 1
                  }
                ],
                "initial_node_count": 2,
                "instance_group_urls": [
                  "https://www.googleapis.com/compute/v1/projects/wideops-avishay/zones/me-west1-a/instanceGroupManagers/gke-my-cluster-node-pool-7bdb086a-grp"
                ],
                "managed_instance_group_urls": [
                  "https://www.googleapis.com/compute/v1/projects/wideops-avishay/zones/me-west1-a/instanceGroups/gke-my-cluster-node-pool-7bdb086a-grp"
                ],
                "management": [
                  {
                    "auto_repair": true,
                    "auto_upgrade": true
                  }
                ],
                "max_pods_per_node": 0,
                "name": "node-pool",
                "name_prefix": "",
                "node_config": [
                  {
                    "boot_disk_kms_key": "",
                    "disk_size_gb": 100,
                    "disk_type": "pd-balanced",
                    "gcfs_config": [],
                    "guest_accelerator": [],
                    "image_type": "COS_CONTAINERD",
                    "labels": {},
                    "local_ssd_count": 0,
                    "machine_type": "e2-micro",
                    "metadata": {
                      "disable-legacy-endpoints": "true"
                    },
                    "min_cpu_platform": "",
                    "node_group": "",
                    "oauth_scopes": [
                      "https://www.googleapis.com/auth/cloud-platform"
                    ],
                    "preemptible": true,
                    "service_account": "service@wideops-avishay.iam.gserviceaccount.com",
                    "shielded_instance_config": [
                      {
                        "enable_integrity_monitoring": true,
                        "enable_secure_boot": false
                      }
                    ],
                    "tags": [],
                    "taint": [],
                    "workload_metadata_config": []
                  }
                ],
                "node_count": 3,
                "node_locations": [
                  "me-west1-a"
                ],
                "upgrade_settings": [
                  {
                    "max_surge": 1,
                    "max_unavailable": 0
                  }
                ],
                "version": "1.27.2-gke.1200"
              }
            ],
            "node_version": "1.27.2-gke.1200",
            "operation": null,
            "private_cluster_config": [
              {
                "enable_private_endpoint": false,
                "enable_private_nodes": false,
                "master_global_access_config": [
                  {
                    "enabled": false
                  }
                ],
                "master_ipv4_cidr_block": "",
                "peering_name": "",
                "private_endpoint": "10.208.0.63",
                "public_endpoint": "34.165.10.97"
              }
            ],
            "private_ipv6_google_access": "",
            "project": "wideops-avishay",
            "release_channel": [
              {
                "channel": "REGULAR"
              }
            ],
            "remove_default_node_pool": true,
            "resource_labels": {},
            "resource_usage_export_config": [],
            "self_link": "https://container.googleapis.com/v1/projects/wideops-avishay/zones/me-west1-a/clusters/my-cluster",
            "services_ipv4_cidr": "10.3.240.0/20",
            "subnetwork": "projects/wideops-avishay/regions/me-west1/subnetworks/default",
            "timeouts": {
              "create": "15m",
              "delete": "10m",
              "read": null,
              "update": "10m"
            },
            "tpu_ipv4_cidr_block": "",
            "vertical_pod_autoscaling": [],
            "workload_identity_config": []
          },
          "sensitive_attributes": [],
          "private": "eyJlMmJmYjczMC1lY2FhLTExZTYtOGY4OC0zNDM2M2JjN2M0YzAiOnsiY3JlYXRlIjo5MDAwMDAwMDAwMDAsImRlbGV0ZSI6NjAwMDAwMDAwMDAwLCJyZWFkIjoyNDAwMDAwMDAwMDAwLCJ1cGRhdGUiOjYwMDAwMDAwMDAwMH0sInNjaGVtYV92ZXJzaW9uIjoiMSJ9",
          "dependencies": [
            "google_service_account.default"
          ],
          "create_before_destroy": true
        }
      ]
    },
    {
      "mode": "managed",
      "type": "google_container_node_pool",
      "name": "node_pool",
      "provider": "provider[\"registry.terraform.io/hashicorp/google\"]",
      "instances": [
        {
          "schema_version": 1,
          "attributes": {
            "autoscaling": [
              {
                "max_node_count": 3,
                "min_node_count": 1
              }
            ],
            "cluster": "my-cluster",
            "id": "projects/wideops-avishay/locations/me-west1-a/clusters/my-cluster/nodePools/node-pool",
            "initial_node_count": 2,
            "instance_group_urls": [
              "https://www.googleapis.com/compute/v1/projects/wideops-avishay/zones/me-west1-a/instanceGroupManagers/gke-my-cluster-node-pool-7bdb086a-grp"
            ],
            "location": "me-west1-a",
            "managed_instance_group_urls": [
              "https://www.googleapis.com/compute/v1/projects/wideops-avishay/zones/me-west1-a/instanceGroups/gke-my-cluster-node-pool-7bdb086a-grp"
            ],
            "management": [
              {
                "auto_repair": true,
                "auto_upgrade": true
              }
            ],
            "max_pods_per_node": null,
            "name": "node-pool",
            "name_prefix": "",
            "node_config": [
              {
                "boot_disk_kms_key": "",
                "disk_size_gb": 100,
                "disk_type": "pd-balanced",
                "gcfs_config": [],
                "guest_accelerator": [],
                "image_type": "COS_CONTAINERD",
                "labels": {},
                "local_ssd_count": 0,
                "machine_type": "e2-micro",
                "metadata": {
                  "disable-legacy-endpoints": "true"
                },
                "min_cpu_platform": "",
                "node_group": "",
                "oauth_scopes": [
                  "https://www.googleapis.com/auth/cloud-platform"
                ],
                "preemptible": true,
                "service_account": "service@wideops-avishay.iam.gserviceaccount.com",
                "shielded_instance_config": [
                  {
                    "enable_integrity_monitoring": true,
                    "enable_secure_boot": false
                  }
                ],
                "tags": [],
                "taint": [],
                "workload_metadata_config": []
              }
            ],
            "node_count": 3,
            "node_locations": [
              "me-west1-a"
            ],
            "operation": null,
            "project": "wideops-avishay",
            "timeouts": {
              "create": "30m",
              "delete": "30m",
              "update": "30m"
            },
            "upgrade_settings": [
              {
                "max_surge": 1,
                "max_unavailable": 0
              }
            ],
            "version": "1.27.2-gke.1200"
          },
          "sensitive_attributes": [],
          "private": "eyJlMmJmYjczMC1lY2FhLTExZTYtOGY4OC0zNDM2M2JjN2M0YzAiOnsiY3JlYXRlIjoxODAwMDAwMDAwMDAwLCJkZWxldGUiOjE4MDAwMDAwMDAwMDAsInVwZGF0ZSI6MTgwMDAwMDAwMDAwMH0sInNjaGVtYV92ZXJzaW9uIjoiMSJ9",
          "dependencies": [
            "google_container_cluster.cluster",
            "google_service_account.default"
          ]
        }
      ]
    },
    {
      "mode": "managed",
      "type": "google_project_iam_member",
      "name": "sa_cloudsql_iam",
      "provider": "provider[\"registry.terraform.io/hashicorp/google\"]",
      "instances": [
        {
          "schema_version": 0,
          "attributes": {
            "condition": [],
            "etag": "BwYCKYsbBJ4=",
            "id": "wideops-avishay/roles/cloudsql.admin/serviceAccount:service@wideops-avishay.iam.gserviceaccount.com",
            "member": "serviceAccount:service@wideops-avishay.iam.gserviceaccount.com",
            "project": "wideops-avishay",
            "role": "roles/cloudsql.admin"
          },
          "sensitive_attributes": [],
          "private": "bnVsbA==",
          "dependencies": [
            "google_service_account.default"
          ],
          "create_before_destroy": true
        }
      ]
    },
    {
      "mode": "managed",
      "type": "google_project_iam_member",
      "name": "sa_container_iam",
      "provider": "provider[\"registry.terraform.io/hashicorp/google\"]",
      "instances": [
        {
          "schema_version": 0,
          "attributes": {
            "condition": [],
            "etag": "BwYCKYsbBJ4=",
            "id": "wideops-avishay/roles/container.admin/serviceAccount:service@wideops-avishay.iam.gserviceaccount.com",
            "member": "serviceAccount:service@wideops-avishay.iam.gserviceaccount.com",
            "project": "wideops-avishay",
            "role": "roles/container.admin"
          },
          "sensitive_attributes": [],
          "private": "bnVsbA==",
          "dependencies": [
            "google_service_account.default"
          ],
          "create_before_destroy": true
        }
      ]
    },
    {
      "mode": "managed",
      "type": "google_project_iam_member",
      "name": "sa_iam",
      "provider": "provider[\"registry.terraform.io/hashicorp/google\"]",
      "instances": [
        {
          "schema_version": 0,
          "attributes": {
            "condition": [],
            "etag": "BwYCKYsbBJ4=",
            "id": "wideops-avishay/roles/editor/serviceAccount:service@wideops-avishay.iam.gserviceaccount.com",
            "member": "serviceAccount:service@wideops-avishay.iam.gserviceaccount.com",
            "project": "wideops-avishay",
            "role": "roles/editor"
          },
          "sensitive_attributes": [],
          "private": "bnVsbA==",
          "dependencies": [
            "google_service_account.default"
          ],
          "create_before_destroy": true
        }
      ]
    },
    {
      "mode": "managed",
      "type": "google_service_account",
      "name": "default",
      "provider": "provider[\"registry.terraform.io/hashicorp/google\"]",
      "instances": [
        {
          "schema_version": 0,
          "attributes": {
            "account_id": "service",
            "description": "",
            "disabled": false,
            "display_name": "Terraform Service Account",
            "email": "service@wideops-avishay.iam.gserviceaccount.com",
            "id": "projects/wideops-avishay/serviceAccounts/service@wideops-avishay.iam.gserviceaccount.com",
            "name": "projects/wideops-avishay/serviceAccounts/service@wideops-avishay.iam.gserviceaccount.com",
            "project": "wideops-avishay",
            "timeouts": null,
            "unique_id": "103017381480246810911"
          },
          "sensitive_attributes": [],
          "private": "eyJlMmJmYjczMC1lY2FhLTExZTYtOGY4OC0zNDM2M2JjN2M0YzAiOnsiY3JlYXRlIjozMDAwMDAwMDAwMDB9fQ==",
          "create_before_destroy": true
        }
      ]
    },
    {
      "mode": "managed",
      "type": "google_sql_database",
      "name": "database",
      "provider": "provider[\"registry.terraform.io/hashicorp/google\"]",
      "instances": [
        {
          "schema_version": 0,
          "attributes": {
            "charset": "utf8mb4",
            "collation": "utf8mb4_0900_ai_ci",
            "id": "projects/wideops-avishay/instances/db-wordpress-instance/databases/my-database",
            "instance": "db-wordpress-instance",
            "name": "my-database",
            "project": "wideops-avishay",
            "self_link": "https://sqladmin.googleapis.com/sql/v1beta4/projects/wideops-avishay/instances/db-wordpress-instance/databases/my-database",
            "timeouts": null
          },
          "sensitive_attributes": [],
          "private": "eyJlMmJmYjczMC1lY2FhLTExZTYtOGY4OC0zNDM2M2JjN2M0YzAiOnsiY3JlYXRlIjoxMjAwMDAwMDAwMDAwLCJkZWxldGUiOjEyMDAwMDAwMDAwMDAsInVwZGF0ZSI6MTIwMDAwMDAwMDAwMH19",
          "dependencies": [
            "google_container_cluster.cluster",
            "google_service_account.default",
            "google_sql_database_instance.instance"
          ]
        }
      ]
    },
    {
      "mode": "managed",
      "type": "google_sql_database_instance",
      "name": "instance",
      "provider": "provider[\"registry.terraform.io/hashicorp/google\"]",
      "instances": [
        {
          "schema_version": 0,
          "attributes": {
            "clone": [],
            "connection_name": "wideops-avishay:me-west1:db-wordpress-instance",
            "database_version": "MYSQL_8_0",
            "deletion_protection": false,
            "first_ip_address": "34.165.108.229",
            "id": "db-wordpress-instance",
            "ip_address": [
              {
                "ip_address": "34.165.108.229",
                "time_to_retire": "",
                "type": "PRIMARY"
              }
            ],
            "master_instance_name": "",
            "name": "db-wordpress-instance",
            "private_ip_address": "",
            "project": "wideops-avishay",
            "public_ip_address": "34.165.108.229",
            "region": "me-west1",
            "replica_configuration": [],
            "restore_backup_context": [],
            "root_password": null,
            "self_link": "https://sqladmin.googleapis.com/sql/v1beta4/projects/wideops-avishay/instances/db-wordpress-instance",
            "server_ca_cert": [
              {
                "cert": "-----BEGIN CERTIFICATE-----\nMIIDfzCCAmegAwIBAgIBADANBgkqhkiG9w0BAQsFADB3MS0wKwYDVQQuEyRhYTVl\nZmU3Yy0wMDhiLTRmYTgtOWRkNi1lZmU0YTdiZGI5ZGUxIzAhBgNVBAMTGkdvb2ds\nZSBDbG91ZCBTUUwgU2VydmVyIENBMRQwEgYDVQQKEwtHb29nbGUsIEluYzELMAkG\nA1UEBhMCVVMwHhcNMjMwODA1MDkzMDUxWhcNMzMwODAyMDkzMTUxWjB3MS0wKwYD\nVQQuEyRhYTVlZmU3Yy0wMDhiLTRmYTgtOWRkNi1lZmU0YTdiZGI5ZGUxIzAhBgNV\nBAMTGkdvb2dsZSBDbG91ZCBTUUwgU2VydmVyIENBMRQwEgYDVQQKEwtHb29nbGUs\nIEluYzELMAkGA1UEBhMCVVMwggEiMA0GCSqGSIb3DQEBAQUAA4IBDwAwggEKAoIB\nAQCq2TwgwnRK7ALhb4YnnhDdLoCGWK6WN3o5NotR4sezg7TbMc4QS+1yamz7+kN3\nxJYsxmsDzBy3OXgxXDn848bMfFpqWD+Fxe5pAZoBEFUGpALuCaf7iY+g7fHacJJT\nVHkxOTe9hA1ZtmSQOgOBGNS+RvkUjZI4pu0MNeokfUAqw9P5cdvlesBLyxbgGGvv\nTkVLVG0kVmrca/uMLhNN7qK9JsifLNTUob3ZMk5ItaW+JLpQ9shA7LNkQyUxSAi4\n/OLztR0PF8qBkxWlhLi0mxIPCudDssi9hpbVo/Nu2dDWMC/tchQ0AIKXvDgVcDaK\nppoA+lGKQsDFAR5q1AlY4VspAgMBAAGjFjAUMBIGA1UdEwEB/wQIMAYBAf8CAQAw\nDQYJKoZIhvcNAQELBQADggEBAA9UyHt7OnTe2jFLngnSO2KTu3aJzrmAzZBoGmOI\nkpWCholPUmYgiVxd/2aD5YaK2+f0iE5XeSZ4NX9cGj7lWScR7FhqeSt1rEO58xd1\n/VxQR06doNldGc5gj/XOZSbyRxUzN1MjJ3ytN2Q/j46/2a6+YGSUef9tpIJdX+Gb\nAV06wj3OrqdiWzNQfulq/Aq2U22kagHhauiC5rXmBtJl//iuXjbxBl+0d0XsyJcY\ntW/zoRFBBeoKHRUSEV5Kc7mOsklYqRLMtlMV4x12XwNtSRsETgdcxVEkqg2rC1rJ\ngQwoVRvn7mAf/PMbJ/a7gIhfq3KUFxHoaoFtnMXGkTtTCG4=\n-----END CERTIFICATE-----",
                "common_name": "C=US,O=Google\\, Inc,CN=Google Cloud SQL Server CA,dnQualifier=aa5efe7c-008b-4fa8-9dd6-efe4a7bdb9de",
                "create_time": "2023-08-05T09:30:51.406Z",
                "expiration_time": "2033-08-02T09:31:51.406Z",
                "sha1_fingerprint": "8d8bbacdb99d776d4e3f309fa532dffe6d211bcc"
              }
            ],
            "service_account_email_address": "p77471673983-fqbpht@gcp-sa-cloud-sql.iam.gserviceaccount.com",
            "settings": [
              {
                "activation_policy": "ALWAYS",
                "availability_type": "ZONAL",
                "backup_configuration": [
                  {
                    "backup_retention_settings": [
                      {
                        "retained_backups": 7,
                        "retention_unit": "COUNT"
                      }
                    ],
                    "binary_log_enabled": false,
                    "enabled": false,
                    "location": "",
                    "point_in_time_recovery_enabled": false,
                    "start_time": "10:00",
                    "transaction_log_retention_days": 7
                  }
                ],
                "collation": "",
                "database_flags": [],
                "disk_autoresize": true,
                "disk_autoresize_limit": 0,
                "disk_size": 10,
                "disk_type": "PD_SSD",
                "insights_config": [],
                "ip_configuration": [
                  {
                    "allocated_ip_range": "",
                    "authorized_networks": [
                      {
                        "expiration_time": "",
                        "name": "public network",
                        "value": "0.0.0.0/0"
                      }
                    ],
                    "ipv4_enabled": true,
                    "private_network": "",
                    "require_ssl": false
                  }
                ],
                "location_preference": [
                  {
                    "follow_gae_application": "",
                    "zone": "me-west1-c"
                  }
                ],
                "maintenance_window": [],
                "pricing_plan": "PER_USE",
                "tier": "db-f1-micro",
                "user_labels": {},
                "version": 2
              }
            ],
            "timeouts": null
          },
          "sensitive_attributes": [],
          "private": "eyJlMmJmYjczMC1lY2FhLTExZTYtOGY4OC0zNDM2M2JjN2M0YzAiOnsiY3JlYXRlIjoxODAwMDAwMDAwMDAwLCJkZWxldGUiOjE4MDAwMDAwMDAwMDAsInVwZGF0ZSI6MTgwMDAwMDAwMDAwMH19",
          "dependencies": [
            "google_container_cluster.cluster",
            "google_service_account.default"
          ],
          "create_before_destroy": true
        }
      ]
    },
    {
      "mode": "managed",
      "type": "google_sql_user",
      "name": "user",
      "provider": "provider[\"registry.terraform.io/hashicorp/google\"]",
      "instances": [
        {
          "schema_version": 1,
          "attributes": {
            "deletion_policy": null,
            "host": "",
            "id": "oday//db-wordpress-instance",
            "instance": "db-wordpress-instance",
            "name": "oday",
            "password": "2211",
            "project": "wideops-avishay",
            "timeouts": null,
            "type": ""
          },
          "sensitive_attributes": [],
          "private": "eyJlMmJmYjczMC1lY2FhLTExZTYtOGY4OC0zNDM2M2JjN2M0YzAiOnsiY3JlYXRlIjo2MDAwMDAwMDAwMDAsImRlbGV0ZSI6NjAwMDAwMDAwMDAwLCJ1cGRhdGUiOjYwMDAwMDAwMDAwMH0sInNjaGVtYV92ZXJzaW9uIjoiMSJ9",
          "dependencies": [
            "google_container_cluster.cluster",
            "google_service_account.default",
            "google_sql_database_instance.instance"
          ]
        }
      ]
    },
    {
      "mode": "managed",
      "type": "kubernetes_deployment",
      "name": "wordpress",
      "provider": "provider[\"registry.terraform.io/hashicorp/kubernetes\"]",
      "instances": [
        {
          "schema_version": 1,
          "attributes": {
            "id": "default/wordpress",
            "metadata": [
              {
                "annotations": {},
                "generate_name": "",
                "generation": 3,
                "labels": {},
                "name": "wordpress",
                "namespace": "default",
                "resource_version": "47187",
                "uid": "c0367509-ffeb-424c-96c6-1d592fda393f"
              }
            ],
            "spec": [
              {
                "min_ready_seconds": 0,
                "paused": false,
                "progress_deadline_seconds": 600,
                "replicas": "1",
                "revision_history_limit": 10,
                "selector": [
                  {
                    "match_expressions": [],
                    "match_labels": {
                      "app": "wordpress"
                    }
                  }
                ],
                "strategy": [
                  {
                    "rolling_update": [
                      {
                        "max_surge": "25%",
                        "max_unavailable": "25%"
                      }
                    ],
                    "type": "RollingUpdate"
                  }
                ],
                "template": [
                  {
                    "metadata": [
                      {
                        "annotations": {},
                        "generate_name": "",
                        "generation": 0,
                        "labels": {
                          "app": "wordpress"
                        },
                        "name": "",
                        "namespace": "",
                        "resource_version": "",
                        "uid": ""
                      }
                    ],
                    "spec": [
                      {
                        "active_deadline_seconds": 0,
                        "affinity": [],
                        "automount_service_account_token": true,
                        "container": [
                          {
                            "args": [],
                            "command": [],
                            "env": [
                              {
                                "name": "DB_HOST",
                                "value": "34.165.108.229",
                                "value_from": []
                              },
                              {
                                "name": "DB_USER",
                                "value": "oday",
                                "value_from": []
                              },
                              {
                                "name": "DB_PASSWORD",
                                "value": "2211",
                                "value_from": []
                              },
                              {
                                "name": "DB_NAME",
                                "value": "my-database",
                                "value_from": []
                              }
                            ],
                            "env_from": [],
                            "image": "gcr.io/wideops-avishay/wordpress:1.5",
                            "image_pull_policy": "IfNotPresent",
                            "lifecycle": [],
                            "liveness_probe": [],
                            "name": "wordpress",
                            "port": [
                              {
                                "container_port": 80,
                                "host_ip": "",
                                "host_port": 0,
                                "name": "",
                                "protocol": "TCP"
                              }
                            ],
                            "readiness_probe": [],
                            "resources": [
                              {
                                "limits": {},
                                "requests": {}
                              }
                            ],
                            "security_context": [],
                            "startup_probe": [],
                            "stdin": false,
                            "stdin_once": false,
                            "termination_message_path": "/dev/termination-log",
                            "termination_message_policy": "File",
                            "tty": false,
                            "volume_mount": [],
                            "working_dir": ""
                          }
                        ],
                        "dns_config": [],
                        "dns_policy": "ClusterFirst",
                        "enable_service_links": true,
                        "host_aliases": [],
                        "host_ipc": false,
                        "host_network": false,
                        "host_pid": false,
                        "hostname": "",
                        "image_pull_secrets": [],
                        "init_container": [],
                        "node_name": "",
                        "node_selector": {},
                        "priority_class_name": "",
                        "readiness_gate": [],
                        "restart_policy": "Always",
                        "runtime_class_name": "",
                        "security_context": [],
                        "service_account_name": "",
                        "share_process_namespace": false,
                        "subdomain": "",
                        "termination_grace_period_seconds": 30,
                        "toleration": [],
                        "topology_spread_constraint": [],
                        "volume": []
                      }
                    ]
                  }
                ]
              }
            ],
            "timeouts": null,
            "wait_for_rollout": true
          },
          "sensitive_attributes": [],
          "private": "eyJlMmJmYjczMC1lY2FhLTExZTYtOGY4OC0zNDM2M2JjN2M0YzAiOnsiY3JlYXRlIjo2MDAwMDAwMDAwMDAsImRlbGV0ZSI6NjAwMDAwMDAwMDAwLCJ1cGRhdGUiOjYwMDAwMDAwMDAwMH0sInNjaGVtYV92ZXJzaW9uIjoiMSJ9",
          "dependencies": [
            "data.google_client_config.default",
            "google_container_cluster.cluster",
            "google_container_node_pool.node_pool",
            "google_service_account.default",
            "google_sql_database_instance.instance"
          ]
        }
      ]
    },
    {
      "mode": "managed",
      "type": "kubernetes_ingress_v1",
      "name": "wordpress",
      "provider": "provider[\"registry.terraform.io/hashicorp/kubernetes\"]",
      "instances": [
        {
          "schema_version": 0,
          "attributes": {
            "id": "default/ingress-wp1",
            "metadata": [
              {
                "annotations": {
                  "ingress.gcp.kubernetes.io/pre-shared-cert": "oday-cert3",
                  "kubernetes.io/ingress.allow-http": "true",
                  "kubernetes.io/ingress.class": "gce",
                  "kubernetes.io/ingress.global-static-ip-name": "global-ip1",
                  "nginx.ingress.kubernetes.io/backend-protocol": "HTTP",
                  "nginx.ingress.kubernetes.io/configuration-snippet": "        location /wp-login.php {\n            auth_request /iap;\n            auth_request_set $cookie_iap_tunnel $upstream_http_set_cookie;\n            iap_tunnel_cookie_policy all;\n                }\n",
                  "nginx.ingress.kubernetes.io/force-ssl-redirect": "true",
                  "nginx.ingress.kubernetes.io/from-to-www-redirect": "true",
                  "nginx.ingress.kubernetes.io/rewrite-target": "/",
                  "nginx.ingress.kubernetes.io/ssl-redirect": "true"
                },
                "generate_name": "",
                "generation": 1,
                "labels": {},
                "name": "ingress-wp1",
                "namespace": "default",
                "resource_version": "24894",
                "uid": "8b5e6a90-b09e-4626-89c4-a31296d2487d"
              }
            ],
            "spec": [
              {
                "default_backend": [],
                "ingress_class_name": "",
                "rule": [
                  {
                    "host": "oday.ddns.net",
                    "http": [
                      {
                        "path": [
                          {
                            "backend": [
                              {
                                "resource": [],
                                "service": [
                                  {
                                    "name": "service-wp1",
                                    "port": [
                                      {
                                        "name": "",
                                        "number": 80
                                      }
                                    ]
                                  }
                                ]
                              }
                            ],
                            "path": "/wp-admin/*",
                            "path_type": "ImplementationSpecific"
                          },
                          {
                            "backend": [
                              {
                                "resource": [],
                                "service": [
                                  {
                                    "name": "service-wp1",
                                    "port": [
                                      {
                                        "name": "",
                                        "number": 80
                                      }
                                    ]
                                  }
                                ]
                              }
                            ],
                            "path": "/*",
                            "path_type": "ImplementationSpecific"
                          }
                        ]
                      }
                    ]
                  }
                ],
                "tls": []
              }
            ],
            "status": [
              {
                "load_balancer": [
                  {
                    "ingress": [
                      {
                        "hostname": "",
                        "ip": "34.110.190.248"
                      }
                    ]
                  }
                ]
              }
            ],
            "timeouts": null,
            "wait_for_load_balancer": null
          },
          "sensitive_attributes": [],
          "private": "eyJlMmJmYjczMC1lY2FhLTExZTYtOGY4OC0zNDM2M2JjN2M0YzAiOnsiY3JlYXRlIjoxMjAwMDAwMDAwMDAwLCJkZWxldGUiOjEyMDAwMDAwMDAwMDB9fQ==",
          "dependencies": [
            "data.google_client_config.default",
            "google_compute_global_address.default",
            "google_compute_managed_ssl_certificate.cert",
            "google_container_cluster.cluster",
            "google_container_node_pool.node_pool",
            "google_service_account.default",
            "google_sql_database_instance.instance",
            "kubernetes_deployment.wordpress",
            "kubernetes_service_v1.wordpress"
          ]
        }
      ]
    },
    {
      "mode": "managed",
      "type": "kubernetes_service_v1",
      "name": "wordpress",
      "provider": "provider[\"registry.terraform.io/hashicorp/kubernetes\"]",
      "instances": [
        {
          "schema_version": 1,
          "attributes": {
            "id": "default/service-wp1",
            "metadata": [
              {
                "annotations": {},
                "generate_name": "",
                "generation": 0,
                "labels": {},
                "name": "service-wp1",
                "namespace": "default",
                "resource_version": "6219",
                "uid": "27527519-49f9-438a-8af0-df80c9f929a8"
              }
            ],
            "spec": [
              {
                "allocate_load_balancer_node_ports": true,
                "cluster_ip": "10.3.242.15",
                "cluster_ips": [
                  "10.3.242.15"
                ],
                "external_ips": [],
                "external_name": "",
                "external_traffic_policy": "Cluster",
                "health_check_node_port": 0,
                "internal_traffic_policy": "Cluster",
                "ip_families": [
                  "IPv4"
                ],
                "ip_family_policy": "SingleStack",
                "load_balancer_class": "",
                "load_balancer_ip": "",
                "load_balancer_source_ranges": [],
                "port": [
                  {
                    "app_protocol": "",
                    "name": "http",
                    "node_port": 32155,
                    "port": 80,
                    "protocol": "TCP",
                    "target_port": "80"
                  }
                ],
                "publish_not_ready_addresses": false,
                "selector": {
                  "app": "wordpress"
                },
                "session_affinity": "ClientIP",
                "session_affinity_config": [
                  {
                    "client_ip": [
                      {
                        "timeout_seconds": 10800
                      }
                    ]
                  }
                ],
                "type": "NodePort"
              }
            ],
            "status": [
              {
                "load_balancer": [
                  {
                    "ingress": []
                  }
                ]
              }
            ],
            "timeouts": null,
            "wait_for_load_balancer": true
          },
          "sensitive_attributes": [],
          "private": "eyJlMmJmYjczMC1lY2FhLTExZTYtOGY4OC0zNDM2M2JjN2M0YzAiOnsiY3JlYXRlIjo2MDAwMDAwMDAwMDB9LCJzY2hlbWFfdmVyc2lvbiI6IjEifQ==",
          "dependencies": [
            "data.google_client_config.default",
            "google_container_cluster.cluster",
            "google_container_node_pool.node_pool",
            "google_service_account.default",
            "google_sql_database_instance.instance",
            "kubernetes_deployment.wordpress"
          ]
        }
      ]
    },
    {
      "mode": "managed",
      "type": "null_resource",
      "name": "docker_build",
      "provider": "provider[\"registry.terraform.io/hashicorp/null\"]",
      "instances": [
        {
          "status": "tainted",
          "schema_version": 0,
          "attributes": {
            "id": "688072422",
            "triggers": {
              "always_run": "2023-08-05T11:08:56Z"
            }
          },
          "sensitive_attributes": [],
          "private": "bnVsbA=="
        }
      ]
    },
    {
      "mode": "managed",
      "type": "null_resource",
      "name": "nullremote1",
      "provider": "provider[\"registry.terraform.io/hashicorp/null\"]",
      "instances": [
        {
          "schema_version": 0,
          "attributes": {
            "id": "1979954584",
            "triggers": null
          },
          "sensitive_attributes": [],
          "private": "bnVsbA==",
          "dependencies": [
            "google_container_cluster.cluster",
            "google_container_node_pool.node_pool",
            "google_service_account.default"
          ]
        }
      ]
    },
    {
      "mode": "managed",
      "type": "null_resource",
      "name": "set_gcloud_project",
      "provider": "provider[\"registry.terraform.io/hashicorp/null\"]",
      "instances": [
        {
          "schema_version": 0,
          "attributes": {
            "id": "1282581062",
            "triggers": null
          },
          "sensitive_attributes": [],
          "private": "bnVsbA=="
        }
      ]
    },
    {
      "module": "module.project-services",
      "mode": "managed",
      "type": "google_project_service",
      "name": "project_services",
      "provider": "provider[\"registry.terraform.io/hashicorp/google\"]",
      "instances": [
        {
          "index_key": "autoscaling.googleapis.com",
          "schema_version": 0,
          "attributes": {
            "disable_dependent_services": true,
            "disable_on_destroy": false,
            "id": "wideops-avishay/autoscaling.googleapis.com",
            "project": "wideops-avishay",
            "service": "autoscaling.googleapis.com",
            "timeouts": null
          },
          "sensitive_attributes": [],
          "private": "eyJlMmJmYjczMC1lY2FhLTExZTYtOGY4OC0zNDM2M2JjN2M0YzAiOnsiY3JlYXRlIjoxMjAwMDAwMDAwMDAwLCJkZWxldGUiOjEyMDAwMDAwMDAwMDAsInJlYWQiOjYwMDAwMDAwMDAwMCwidXBkYXRlIjoxMjAwMDAwMDAwMDAwfX0="
        },
        {
          "index_key": "cloudresourcemanager.googleapis.com",
          "schema_version": 0,
          "attributes": {
            "disable_dependent_services": true,
            "disable_on_destroy": false,
            "id": "wideops-avishay/cloudresourcemanager.googleapis.com",
            "project": "wideops-avishay",
            "service": "cloudresourcemanager.googleapis.com",
            "timeouts": null
          },
          "sensitive_attributes": [],
          "private": "eyJlMmJmYjczMC1lY2FhLTExZTYtOGY4OC0zNDM2M2JjN2M0YzAiOnsiY3JlYXRlIjoxMjAwMDAwMDAwMDAwLCJkZWxldGUiOjEyMDAwMDAwMDAwMDAsInJlYWQiOjYwMDAwMDAwMDAwMCwidXBkYXRlIjoxMjAwMDAwMDAwMDAwfX0="
        },
        {
          "index_key": "compute.googleapis.com",
          "schema_version": 0,
          "attributes": {
            "disable_dependent_services": true,
            "disable_on_destroy": false,
            "id": "wideops-avishay/compute.googleapis.com",
            "project": "wideops-avishay",
            "service": "compute.googleapis.com",
            "timeouts": null
          },
          "sensitive_attributes": [],
          "private": "eyJlMmJmYjczMC1lY2FhLTExZTYtOGY4OC0zNDM2M2JjN2M0YzAiOnsiY3JlYXRlIjoxMjAwMDAwMDAwMDAwLCJkZWxldGUiOjEyMDAwMDAwMDAwMDAsInJlYWQiOjYwMDAwMDAwMDAwMCwidXBkYXRlIjoxMjAwMDAwMDAwMDAwfX0="
        },
        {
          "index_key": "container.googleapis.com",
          "schema_version": 0,
          "attributes": {
            "disable_dependent_services": true,
            "disable_on_destroy": false,
            "id": "wideops-avishay/container.googleapis.com",
            "project": "wideops-avishay",
            "service": "container.googleapis.com",
            "timeouts": null
          },
          "sensitive_attributes": [],
          "private": "eyJlMmJmYjczMC1lY2FhLTExZTYtOGY4OC0zNDM2M2JjN2M0YzAiOnsiY3JlYXRlIjoxMjAwMDAwMDAwMDAwLCJkZWxldGUiOjEyMDAwMDAwMDAwMDAsInJlYWQiOjYwMDAwMDAwMDAwMCwidXBkYXRlIjoxMjAwMDAwMDAwMDAwfX0="
        },
        {
          "index_key": "iam.googleapis.com",
          "schema_version": 0,
          "attributes": {
            "disable_dependent_services": true,
            "disable_on_destroy": false,
            "id": "wideops-avishay/iam.googleapis.com",
            "project": "wideops-avishay",
            "service": "iam.googleapis.com",
            "timeouts": null
          },
          "sensitive_attributes": [],
          "private": "eyJlMmJmYjczMC1lY2FhLTExZTYtOGY4OC0zNDM2M2JjN2M0YzAiOnsiY3JlYXRlIjoxMjAwMDAwMDAwMDAwLCJkZWxldGUiOjEyMDAwMDAwMDAwMDAsInJlYWQiOjYwMDAwMDAwMDAwMCwidXBkYXRlIjoxMjAwMDAwMDAwMDAwfX0="
        },
        {
          "index_key": "iap.googleapis.com",
          "schema_version": 0,
          "attributes": {
            "disable_dependent_services": true,
            "disable_on_destroy": false,
            "id": "wideops-avishay/iap.googleapis.com",
            "project": "wideops-avishay",
            "service": "iap.googleapis.com",
            "timeouts": null
          },
          "sensitive_attributes": [],
          "private": "eyJlMmJmYjczMC1lY2FhLTExZTYtOGY4OC0zNDM2M2JjN2M0YzAiOnsiY3JlYXRlIjoxMjAwMDAwMDAwMDAwLCJkZWxldGUiOjEyMDAwMDAwMDAwMDAsInJlYWQiOjYwMDAwMDAwMDAwMCwidXBkYXRlIjoxMjAwMDAwMDAwMDAwfX0="
        },
        {
          "index_key": "identitytoolkit.googleapis.com",
          "schema_version": 0,
          "attributes": {
            "disable_dependent_services": true,
            "disable_on_destroy": false,
            "id": "wideops-avishay/identitytoolkit.googleapis.com",
            "project": "wideops-avishay",
            "service": "identitytoolkit.googleapis.com",
            "timeouts": null
          },
          "sensitive_attributes": [],
          "private": "eyJlMmJmYjczMC1lY2FhLTExZTYtOGY4OC0zNDM2M2JjN2M0YzAiOnsiY3JlYXRlIjoxMjAwMDAwMDAwMDAwLCJkZWxldGUiOjEyMDAwMDAwMDAwMDAsInJlYWQiOjYwMDAwMDAwMDAwMCwidXBkYXRlIjoxMjAwMDAwMDAwMDAwfX0="
        },
        {
          "index_key": "privateca.googleapis.com",
          "schema_version": 0,
          "attributes": {
            "disable_dependent_services": true,
            "disable_on_destroy": false,
            "id": "wideops-avishay/privateca.googleapis.com",
            "project": "wideops-avishay",
            "service": "privateca.googleapis.com",
            "timeouts": null
          },
          "sensitive_attributes": [],
          "private": "eyJlMmJmYjczMC1lY2FhLTExZTYtOGY4OC0zNDM2M2JjN2M0YzAiOnsiY3JlYXRlIjoxMjAwMDAwMDAwMDAwLCJkZWxldGUiOjEyMDAwMDAwMDAwMDAsInJlYWQiOjYwMDAwMDAwMDAwMCwidXBkYXRlIjoxMjAwMDAwMDAwMDAwfX0="
        },
        {
          "index_key": "servicenetworking.googleapis.com",
          "schema_version": 0,
          "attributes": {
            "disable_dependent_services": true,
            "disable_on_destroy": false,
            "id": "wideops-avishay/servicenetworking.googleapis.com",
            "project": "wideops-avishay",
            "service": "servicenetworking.googleapis.com",
            "timeouts": null
          },
          "sensitive_attributes": [],
          "private": "eyJlMmJmYjczMC1lY2FhLTExZTYtOGY4OC0zNDM2M2JjN2M0YzAiOnsiY3JlYXRlIjoxMjAwMDAwMDAwMDAwLCJkZWxldGUiOjEyMDAwMDAwMDAwMDAsInJlYWQiOjYwMDAwMDAwMDAwMCwidXBkYXRlIjoxMjAwMDAwMDAwMDAwfX0="
        },
        {
          "index_key": "sqladmin.googleapis.com",
          "schema_version": 0,
          "attributes": {
            "disable_dependent_services": true,
            "disable_on_destroy": false,
            "id": "wideops-avishay/sqladmin.googleapis.com",
            "project": "wideops-avishay",
            "service": "sqladmin.googleapis.com",
            "timeouts": null
          },
          "sensitive_attributes": [],
          "private": "eyJlMmJmYjczMC1lY2FhLTExZTYtOGY4OC0zNDM2M2JjN2M0YzAiOnsiY3JlYXRlIjoxMjAwMDAwMDAwMDAwLCJkZWxldGUiOjEyMDAwMDAwMDAwMDAsInJlYWQiOjYwMDAwMDAwMDAwMCwidXBkYXRlIjoxMjAwMDAwMDAwMDAwfX0="
        }
      ]
    }
  ],
  "check_results": null
}
